
Microsoft Visual Studio Solution File, Format Version 12.00
# Visual Studio Version 17
VisualStudioVersion = 17.7.34031.279
MinimumVisualStudioVersion = 10.0.40219.1
Project("{FAE04EC0-301F-11D3-BF4B-00C04F79EFBC}") = "2eme cours Louis", "2eme cours Louis\2eme cours Louis.csproj", "{7026E6DF-9208-485D-9CA0-602BB30424A0}"
EndProject
Global
	GlobalSection(SolutionConfigurationPlatforms) = preSolution
		Debug|Any CPU = Debug|Any CPU
		Release|Any CPU = Release|Any CPU
	EndGlobalSection
	GlobalSection(ProjectConfigurationPlatforms) = postSolution
		{7026E6DF-9208-485D-9CA0-602BB30424A0}.Debug|Any CPU.ActiveCfg = Debug|Any CPU
		{7026E6DF-9208-485D-9CA0-602BB30424A0}.Debug|Any CPU.Build.0 = Debug|Any CPU
		{7026E6DF-9208-485D-9CA0-602BB30424A0}.Release|Any CPU.ActiveCfg = Release|Any CPU
		{7026E6DF-9208-485D-9CA0-602BB30424A0}.Release|Any CPU.Build.0 = Release|Any CPU
	EndGlobalSection
	GlobalSection(SolutionProperties) = preSolution
		HideSolutionNode = FALSE
	EndGlobalSection
	GlobalSection(ExtensibilityGlobals) = postSolution
		SolutionGuid = {3599978A-6EAA-4755-ABCC-A138BBB249F1}
	EndGlobalSection
EndGlobal
